
Microsoft Visual Studio Solution File, Format Version 12.00
# Visual Studio Version 17
VisualStudioVersion = 17.2.32526.322
MinimumVisualStudioVersion = 10.0.40219.1
Project("{9A19103F-16F7-4668-BE54-9A1E7A4F7556}") = "GPCalculator", "GPCalculator.csproj", "{153A5517-7A6F-4371-BAC9-67DDF95DD2C1}"
EndProject
Global
	GlobalSection(SolutionConfigurationPlatforms) = preSolution
		Debug|Any CPU = Debug|Any CPU
		Release|Any CPU = Release|Any CPU
	EndGlobalSection
	GlobalSection(ProjectConfigurationPlatforms) = postSolution
		{153A5517-7A6F-4371-BAC9-67DDF95DD2C1}.Debug|Any CPU.ActiveCfg = Debug|Any CPU
		{153A5517-7A6F-4371-BAC9-67DDF95DD2C1}.Debug|Any CPU.Build.0 = Debug|Any CPU
		{153A5517-7A6F-4371-BAC9-67DDF95DD2C1}.Release|Any CPU.ActiveCfg = Release|Any CPU
		{153A5517-7A6F-4371-BAC9-67DDF95DD2C1}.Release|Any CPU.Build.0 = Release|Any CPU
	EndGlobalSection
	GlobalSection(SolutionProperties) = preSolution
		HideSolutionNode = FALSE
	EndGlobalSection
	GlobalSection(ExtensibilityGlobals) = postSolution
		SolutionGuid = {F8ED4FCE-4ABB-475A-AB24-2EF3622C2568}
	EndGlobalSection
EndGlobal
